// !$*UTF8*$!
{
	archiveVersion = 1;
	classes = {
	};
	objectVersion = 50;
	objects = {

/* Begin PBXBuildFile section */
		7943DEBD2168F90800D5E70B /* RangeSliderThumbLayer.swift in Sources */ = {isa = PBXBuildFile; fileRef = 7943DEBC2168F90800D5E70B /* RangeSliderThumbLayer.swift */; };
		79E8AB58216800770056B1BB /* AppDelegate.swift in Sources */ = {isa = PBXBuildFile; fileRef = 79E8AB57216800770056B1BB /* AppDelegate.swift */; };
		79E8AB5A216800770056B1BB /* ViewController.swift in Sources */ = {isa = PBXBuildFile; fileRef = 79E8AB59216800770056B1BB /* ViewController.swift */; };
		79E8AB5D216800770056B1BB /* Main.storyboard in Resources */ = {isa = PBXBuildFile; fileRef = 79E8AB5B216800770056B1BB /* Main.storyboard */; };
		79E8AB5F2168007B0056B1BB /* Assets.xcassets in Resources */ = {isa = PBXBuildFile; fileRef = 79E8AB5E2168007B0056B1BB /* Assets.xcassets */; };
		79E8AB622168007B0056B1BB /* LaunchScreen.storyboard in Resources */ = {isa = PBXBuildFile; fileRef = 79E8AB602168007B0056B1BB /* LaunchScreen.storyboard */; };
		79E8AB6A2168011F0056B1BB /* RangeSlider.swift in Sources */ = {isa = PBXBuildFile; fileRef = 79E8AB692168011F0056B1BB /* RangeSlider.swift */; };
/* End PBXBuildFile section */

/* Begin PBXFileReference section */
		7943DEBC2168F90800D5E70B /* RangeSliderThumbLayer.swift */ = {isa = PBXFileReference; lastKnownFileType = sourcecode.swift; path = RangeSliderThumbLayer.swift; sourceTree = "<group>"; };
		79E8AB54216800770056B1BB /* CustomSliderExample.app */ = {isa = PBXFileReference; explicitFileType = wrapper.application; includeInIndex = 0; path = CustomSliderExample.app; sourceTree = BUILT_PRODUCTS_DIR; };
		79E8AB57216800770056B1BB /* AppDelegate.swift */ = {isa = PBXFileReference; lastKnownFileType = sourcecode.swift; path = AppDelegate.swift; sourceTree = "<group>"; };
		79E8AB59216800770056B1BB /* ViewController.swift */ = {isa = PBXFileReference; lastKnownFileType = sourcecode.swift; path = ViewController.swift; sourceTree = "<group>"; };
		79E8AB5C216800770056B1BB /* Base */ = {isa = PBXFileReference; lastKnownFileType = file.storyboard; name = Base; path = Base.lproj/Main.storyboard; sourceTree = "<group>"; };
		79E8AB5E2168007B0056B1BB /* Assets.xcassets */ = {isa = PBXFileReference; lastKnownFileType = folder.assetcatalog; path = Assets.xcassets; sourceTree = "<group>"; };
		79E8AB612168007B0056B1BB /* Base */ = {isa = PBXFileReference; lastKnownFileType = file.storyboard; name = Base; path = Base.lproj/LaunchScreen.storyboard; sourceTree = "<group>"; };
		79E8AB632168007B0056B1BB /* Info.plist */ = {isa = PBXFileReference; lastKnownFileType = text.plist.xml; path = Info.plist; sourceTree = "<group>"; };
		79E8AB692168011F0056B1BB /* RangeSlider.swift */ = {isa = PBXFileReference; lastKnownFileType = sourcecode.swift; path = RangeSlider.swift; sourceTree = "<group>"; };
/* End PBXFileReference section */

/* Begin PBXFrameworksBuildPhase section */
		79E8AB51216800770056B1BB /* Frameworks */ = {
			isa = PBXFrameworksBuildPhase;
			buildActionMask = 2147483647;
			files = (
			);
			runOnlyForDeploymentPostprocessing = 0;
		};
/* End PBXFrameworksBuildPhase section */

/* Begin PBXGroup section */
		79E8AB4B216800770056B1BB = {
			isa = PBXGroup;
			children = (
				79E8AB56216800770056B1BB /* CustomSliderExample */,
				79E8AB55216800770056B1BB /* Products */,
			);
			sourceTree = "<group>";
		};
		79E8AB55216800770056B1BB /* Products */ = {
			isa = PBXGroup;
			children = (
				79E8AB54216800770056B1BB /* CustomSliderExample.app */,
			);
			name = Products;
			sourceTree = "<group>";
		};
		79E8AB56216800770056B1BB /* CustomSliderExample */ = {
			isa = PBXGroup;
			children = (
				79E8AB6B216801320056B1BB /* SupportedFiles */,
				79E8AB692168011F0056B1BB /* RangeSlider.swift */,
				7943DEBC2168F90800D5E70B /* RangeSliderThumbLayer.swift */,
				79E8AB59216800770056B1BB /* ViewController.swift */,
				79E8AB5B216800770056B1BB /* Main.storyboard */,
				79E8AB632168007B0056B1BB /* Info.plist */,
			);
			path = CustomSliderExample;
			sourceTree = "<group>";
		};
		79E8AB6B216801320056B1BB /* SupportedFiles */ = {
			isa = PBXGroup;
			children = (
				79E8AB57216800770056B1BB /* AppDelegate.swift */,
				79E8AB5E2168007B0056B1BB /* Assets.xcassets */,
				79E8AB602168007B0056B1BB /* LaunchScreen.storyboard */,
			);
			path = SupportedFiles;
			sourceTree = "<group>";
		};
/* End PBXGroup section */

/* Begin PBXNativeTarget section */
		79E8AB53216800770056B1BB /* CustomSliderExample */ = {
			isa = PBXNativeTarget;
			buildConfigurationList = 79E8AB662168007B0056B1BB /* Build configuration list for PBXNativeTarget "CustomSliderExample" */;
			buildPhases = (
				79E8AB50216800770056B1BB /* Sources */,
				79E8AB51216800770056B1BB /* Frameworks */,
				79E8AB52216800770056B1BB /* Resources */,
			);
			buildRules = (
			);
			dependencies = (
			);
			name = CustomSliderExample;
			productName = CustomSliderExample;
			productReference = 79E8AB54216800770056B1BB /* CustomSliderExample.app */;
			productType = "com.apple.product-type.application";
		};
/* End PBXNativeTarget section */

/* Begin PBXProject section */
		79E8AB4C216800770056B1BB /* Project object */ = {
			isa = PBXProject;
			attributes = {
				LastSwiftUpdateCheck = 1000;
				LastUpgradeCheck = 1000;
				ORGANIZATIONNAME = "Leonid Nifantyev";
				TargetAttributes = {
					79E8AB53216800770056B1BB = {
						CreatedOnToolsVersion = 10.0;
					};
				};
			};
			buildConfigurationList = 79E8AB4F216800770056B1BB /* Build configuration list for PBXProject "CustomSliderExample" */;
			compatibilityVersion = "Xcode 9.3";
			developmentRegion = en;
			hasScannedForEncodings = 0;
			knownRegions = (
				en,
				Base,
			);
			mainGroup = 79E8AB4B216800770056B1BB;
			productRefGroup = 79E8AB55216800770056B1BB /* Products */;
			projectDirPath = "";
			projectRoot = "";
			targets = (
				79E8AB53216800770056B1BB /* CustomSliderExample */,
			);
		};
/* End PBXProject section */

/* Begin PBXResourcesBuildPhase section */
		79E8AB52216800770056B1BB /* Resources */ = {
			isa = PBXResourcesBuildPhase;
			buildActionMask = 2147483647;
			files = (
				79E8AB622168007B0056B1BB /* LaunchScreen.storyboard in Resources */,
				79E8AB5F2168007B0056B1BB /* Assets.xcassets in Resources */,
				79E8AB5D216800770056B1BB /* Main.storyboard in Resources */,
			);
			runOnlyForDeploymentPostprocessing = 0;
		};
/* End PBXResourcesBuildPhase section */

/* Begin PBXSourcesBuildPhase section */
		79E8AB50216800770056B1BB /* Sources */ = {
			isa = PBXSourcesBuildPhase;
			buildActionMask = 2147483647;
			files = (
				79E8AB5A216800770056B1BB /* ViewController.swift in Sources */,
				79E8AB6A2168011F0056B1BB /* RangeSlider.swift in Sources */,
				79E8AB58216800770056B1BB /* AppDelegate.swift in Sources */,
				7943DEBD2168F90800D5E70B /* RangeSliderThumbLayer.swift in Sources */,
			);
			runOnlyForDeploymentPostprocessing = 0;
		};
/* End PBXSourcesBuildPhase section */

/* Begin PBXVariantGroup section */
		79E8AB5B216800770056B1BB /* Main.storyboard */ = {
			isa = PBXVariantGroup;
			children = (
				79E8AB5C216800770056B1BB /* Base */,
			);
			name = Main.storyboard;
			sourceTree = "<group>";
		};
		79E8AB602168007B0056B1BB /* LaunchScreen.storyboard */ = {
			isa = PBXVariantGroup;
			children = (
				79E8AB612168007B0056B1BB /* Base */,
			);
			name = LaunchScreen.storyboard;
			sourceTree = "<group>";
		};
/* End PBXVariantGroup section */

/* Begin XCBuildConfiguration section */
		79E8AB642168007B0056B1BB /* Debug */ = {
			isa = XCBuildConfiguration;
			buildSettings = {
				ALWAYS_SEARCH_USER_PATHS = NO;
				CLANG_ANALYZER_NONNULL = YES;
				CLANG_ANALYZER_NUMBER_OBJECT_CONVERSION = YES_AGGRESSIVE;
				CLANG_CXX_LANGUAGE_STANDARD = "gnu++14";
				CLANG_CXX_LIBRARY = "libc++";
				CLANG_ENABLE_MODULES = YES;
				CLANG_ENABLE_OBJC_ARC = YES;
				CLANG_ENABLE_OBJC_WEAK = YES;
				CLANG_WARN_BLOCK_CAPTURE_AUTORELEASING = YES;
				CLANG_WARN_BOOL_CONVERSION = YES;
				CLANG_WARN_COMMA = YES;
				CLANG_WARN_CONSTANT_CONVERSION = YES;
				CLANG_WARN_DEPRECATED_OBJC_IMPLEMENTATIONS = YES;
				CLANG_WARN_DIRECT_OBJC_ISA_USAGE = YES_ERROR;
				CLANG_WARN_DOCUMENTATION_COMMENTS = YES;
				CLANG_WARN_EMPTY_BODY = YES;
				CLANG_WARN_ENUM_CONVERSION = YES;
				CLANG_WARN_INFINITE_RECURSION = YES;
				CLANG_WARN_INT_CONVERSION = YES;
				CLANG_WARN_NON_LITERAL_NULL_CONVERSION = YES;
				CLANG_WARN_OBJC_IMPLICIT_RETAIN_SELF = YES;
				CLANG_WARN_OBJC_LITERAL_CONVERSION = YES;
				CLANG_WARN_OBJC_ROOT_CLASS = YES_ERROR;
				CLANG_WARN_RANGE_LOOP_ANALYSIS = YES;
				CLANG_WARN_STRICT_PROTOTYPES = YES;
				CLANG_WARN_SUSPICIOUS_MOVE = YES;
				CLANG_WARN_UNGUARDED_AVAILABILITY = YES_AGGRESSIVE;
				CLANG_WARN_UNREACHABLE_CODE = YES;
				CLANG_WARN__DUPLICATE_METHOD_MATCH = YES;
				CODE_SIGN_IDENTITY = "iPhone Developer";
				COPY_PHASE_STRIP = NO;
				DEBUG_INFORMATION_FORMAT = dwarf;
				ENABLE_STRICT_OBJC_MSGSEND = YES;
				ENABLE_TESTABILITY = YES;
				GCC_C_LANGUAGE_STANDARD = gnu11;
				GCC_DYNAMIC_NO_PIC = NO;
				GCC_NO_COMMON_BLOCKS = YES;
				GCC_OPTIMIZATION_LEVEL = 0;
				GCC_PREPROCESSOR_DEFINITIONS = (
					"DEBUG=1",
					"$(inherited)",
				);
				GCC_WARN_64_TO_32_BIT_CONVERSION = YES;
				GCC_WARN_ABOUT_RETURN_TYPE = YES_ERROR;
				GCC_WARN_UNDECLARED_SELECTOR = YES;
				GCC_WARN_UNINITIALIZED_AUTOS = YES_AGGRESSIVE;
				GCC_WARN_UNUSED_FUNCTION = YES;
				GCC_WARN_UNUSED_VARIABLE = YES;
				IPHONEOS_DEPLOYMENT_TARGET = 12.0;
				MTL_ENABLE_DEBUG_INFO = INCLUDE_SOURCE;
				MTL_FAST_MATH = YES;
				ONLY_ACTIVE_ARCH = YES;
				SDKROOT = iphoneos;
				SWIFT_ACTIVE_COMPILATION_CONDITIONS = DEBUG;
				SWIFT_OPTIMIZATION_LEVEL = "-Onone";
			};
			name = Debug;
		};
		79E8AB652168007B0056B1BB /* Release */ = {
			isa = XCBuildConfiguration;
			buildSettings = {
				ALWAYS_SEARCH_USER_PATHS = NO;
				CLANG_ANALYZER_NONNULL = YES;
				CLANG_ANALYZER_NUMBER_OBJECT_CONVERSION = YES_AGGRESSIVE;
				CLANG_CXX_LANGUAGE_STANDARD = "gnu++14";
				CLANG_CXX_LIBRARY = "libc++";
				CLANG_ENABLE_MODULES = YES;
				CLANG_ENABLE_OBJC_ARC = YES;
				CLANG_ENABLE_OBJC_WEAK = YES;
				CLANG_WARN_BLOCK_CAPTURE_AUTORELEASING = YES;
				CLANG_WARN_BOOL_CONVERSION = YES;
				CLANG_WARN_COMMA = YES;
				CLANG_WARN_CONSTANT_CONVERSION = YES;
				CLANG_WARN_DEPRECATED_OBJC_IMPLEMENTATIONS = YES;
				CLANG_WARN_DIRECT_OBJC_ISA_USAGE = YES_ERROR;
				CLANG_WARN_DOCUMENTATION_COMMENTS = YES;
				CLANG_WARN_EMPTY_BODY = YES;
				CLANG_WARN_ENUM_CONVERSION = YES;
				CLANG_WARN_INFINITE_RECURSION = YES;
				CLANG_WARN_INT_CONVERSION = YES;
				CLANG_WARN_NON_LITERAL_NULL_CONVERSION = YES;
				CLANG_WARN_OBJC_IMPLICIT_RETAIN_SELF = YES;
				CLANG_WARN_OBJC_LITERAL_CONVERSION = YES;
				CLANG_WARN_OBJC_ROOT_CLASS = YES_ERROR;
				CLANG_WARN_RANGE_LOOP_ANALYSIS = YES;
				CLANG_WARN_STRICT_PROTOTYPES = YES;
				CLANG_WARN_SUSPICIOUS_MOVE = YES;
				CLANG_WARN_UNGUARDED_AVAILABILITY = YES_AGGRESSIVE;
				CLANG_WARN_UNREACHABLE_CODE = YES;
				CLANG_WARN__DUPLICATE_METHOD_MATCH = YES;
				CODE_SIGN_IDENTITY = "iPhone Developer";
				COPY_PHASE_STRIP = NO;
				DEBUG_INFORMATION_FORMAT = "dwarf-with-dsym";
				ENABLE_NS_ASSERTIONS = NO;
				ENABLE_STRICT_OBJC_MSGSEND = YES;
				GCC_C_LANGUAGE_STANDARD = gnu11;
				GCC_NO_COMMON_BLOCKS = YES;
				GCC_WARN_64_TO_32_BIT_CONVERSION = YES;
				GCC_WARN_ABOUT_RETURN_TYPE = YES_ERROR;
				GCC_WARN_UNDECLARED_SELECTOR = YES;
				GCC_WARN_UNINITIALIZED_AUTOS = YES_AGGRESSIVE;
				GCC_WARN_UNUSED_FUNCTION = YES;
				GCC_WARN_UNUSED_VARIABLE = YES;
				IPHONEOS_DEPLOYMENT_TARGET = 12.0;
				MTL_ENABLE_DEBUG_INFO = NO;
				MTL_FAST_MATH = YES;
				SDKROOT = iphoneos;
				SWIFT_COMPILATION_MODE = wholemodule;
				SWIFT_OPTIMIZATION_LEVEL = "-O";
				VALIDATE_PRODUCT = YES;
			};
			name = Release;
		};
		79E8AB672168007B0056B1BB /* Debug */ = {
			isa = XCBuildConfiguration;
			buildSettings = {
				ASSETCATALOG_COMPILER_APPICON_NAME = AppIcon;
				CODE_SIGN_STYLE = Automatic;
				DEVELOPMENT_TEAM = 379294YDPQ;
				INFOPLIST_FILE = CustomSliderExample/Info.plist;
				LD_RUNPATH_SEARCH_PATHS = (
					"$(inherited)",
					"@executable_path/Frameworks",
				);
				PRODUCT_BUNDLE_IDENTIFIER = "com.LionLife.Price-Bar.CustomSliderExample";
				PRODUCT_NAME = "$(TARGET_NAME)";
				SWIFT_VERSION = 4.2;
				TARGETED_DEVICE_FAMILY = "1,2";
			};
			name = Debug;
		};
		79E8AB682168007B0056B1BB /* Release */ = {
			isa = XCBuildConfiguration;
			buildSettings = {
				ASSETCATALOG_COMPILER_APPICON_NAME = AppIcon;
				CODE_SIGN_STYLE = Automatic;
				DEVELOPMENT_TEAM = 379294YDPQ;
				INFOPLIST_FILE = CustomSliderExample/Info.plist;
				LD_RUNPATH_SEARCH_PATHS = (
					"$(inherited)",
					"@executable_path/Frameworks",
				);
				PRODUCT_BUNDLE_IDENTIFIER = "com.LionLife.Price-Bar.CustomSliderExample";
				PRODUCT_NAME = "$(TARGET_NAME)";
				SWIFT_VERSION = 4.2;
				TARGETED_DEVICE_FAMILY = "1,2";
			};
			name = Release;
		};
/* End XCBuildConfiguration section */

/* Begin XCConfigurationList section */
		79E8AB4F216800770056B1BB /* Build configuration list for PBXProject "CustomSliderExample" */ = {
			isa = XCConfigurationList;
			buildConfigurations = (
				79E8AB642168007B0056B1BB /* Debug */,
				79E8AB652168007B0056B1BB /* Release */,
			);
			defaultConfigurationIsVisible = 0;
			defaultConfigurationName = Release;
		};
		79E8AB662168007B0056B1BB /* Build configuration list for PBXNativeTarget "CustomSliderExample" */ = {
			isa = XCConfigurationList;
			buildConfigurations = (
				79E8AB672168007B0056B1BB /* Debug */,
				79E8AB682168007B0056B1BB /* Release */,
			);
			defaultConfigurationIsVisible = 0;
			defaultConfigurationName = Release;
		};
/* End XCConfigurationList section */
	};
	rootObject = 79E8AB4C216800770056B1BB /* Project object */;
}
